
Microsoft Visual Studio Solution File, Format Version 12.00
# Visual Studio Version 17
VisualStudioVersion = 17.5.002.0
MinimumVisualStudioVersion = 10.0.40219.1
Project("{9A19103F-16F7-4668-BE54-9A1E7A4F7556}") = "Web_PizzaShop", "Web_PizzaShop.csproj", "{E43D5962-EC27-482D-92F0-F565AD940270}"
EndProject
Global
	GlobalSection(SolutionConfigurationPlatforms) = preSolution
		Debug|Any CPU = Debug|Any CPU
		Release|Any CPU = Release|Any CPU
	EndGlobalSection
	GlobalSection(ProjectConfigurationPlatforms) = postSolution
		{E43D5962-EC27-482D-92F0-F565AD940270}.Debug|Any CPU.ActiveCfg = Debug|Any CPU
		{E43D5962-EC27-482D-92F0-F565AD940270}.Debug|Any CPU.Build.0 = Debug|Any CPU
		{E43D5962-EC27-482D-92F0-F565AD940270}.Release|Any CPU.ActiveCfg = Release|Any CPU
		{E43D5962-EC27-482D-92F0-F565AD940270}.Release|Any CPU.Build.0 = Release|Any CPU
	EndGlobalSection
	GlobalSection(SolutionProperties) = preSolution
		HideSolutionNode = FALSE
	EndGlobalSection
	GlobalSection(ExtensibilityGlobals) = postSolution
		SolutionGuid = {61A3830E-9269-438A-AE21-D9DFB9A6CBA4}
	EndGlobalSection
EndGlobal
